
Microsoft Visual Studio Solution File, Format Version 12.00
# Visual Studio Version 16
VisualStudioVersion = 16.0.34031.81
MinimumVisualStudioVersion = 10.0.40219.1
Project("{FAE04EC0-301F-11D3-BF4B-00C04F79EFBC}") = "BaiTap2_63132946", "BaiTap2_63132946\BaiTap2_63132946.csproj", "{72229DB2-9A7E-467E-8F74-44E30E4308B5}"
EndProject
Global
	GlobalSection(SolutionConfigurationPlatforms) = preSolution
		Debug|Any CPU = Debug|Any CPU
		Release|Any CPU = Release|Any CPU
	EndGlobalSection
	GlobalSection(ProjectConfigurationPlatforms) = postSolution
		{72229DB2-9A7E-467E-8F74-44E30E4308B5}.Debug|Any CPU.ActiveCfg = Debug|Any CPU
		{72229DB2-9A7E-467E-8F74-44E30E4308B5}.Debug|Any CPU.Build.0 = Debug|Any CPU
		{72229DB2-9A7E-467E-8F74-44E30E4308B5}.Release|Any CPU.ActiveCfg = Release|Any CPU
		{72229DB2-9A7E-467E-8F74-44E30E4308B5}.Release|Any CPU.Build.0 = Release|Any CPU
	EndGlobalSection
	GlobalSection(SolutionProperties) = preSolution
		HideSolutionNode = FALSE
	EndGlobalSection
	GlobalSection(ExtensibilityGlobals) = postSolution
		SolutionGuid = {102D0779-5141-47A8-B8D9-64645F0B7988}
	EndGlobalSection
EndGlobal
